// !$*UTF8*$!
{
	archiveVersion = 1;
	classes = {
	};
	objectVersion = 77;
	objects = {

/* Begin PBXBuildFile section */
		0820B4E91BAD26DFF25C1B9D /* KeepshireShare.appex in Embed App Extensions */ = {isa = PBXBuildFile; fileRef = 4AEB6B4823EEFEE563146342 /* KeepshireShare.appex */; };
		6F401FB2EA32A89E5C36A7A2 /* Foundation.framework in Frameworks */ = {isa = PBXBuildFile; fileRef = FA8EEC916E949C7E599A95AF /* Foundation.framework */; };
		820D47712B57487C1655DBE6 /* ShareViewController.swift in Sources */ = {isa = PBXBuildFile; fileRef = CE30A3F6A4731E8C4AB1747A /* ShareViewController.swift */; };
		CED03D45E0413967818354C0 /* Localizable.xcstrings in Resources */ = {isa = PBXBuildFile; fileRef = 23C5B4C0809F9D3F88DD39B8 /* Localizable.xcstrings */; };
/* End PBXBuildFile section */

/* Begin PBXContainerItemProxy section */
		04628D822E1FEC59006A0BF8 /* PBXContainerItemProxy */ = {
			isa = PBXContainerItemProxy;
			containerPortal = 04628D6C2E1FEC56006A0BF8 /* Project object */;
			proxyType = 1;
			remoteGlobalIDString = 04628D732E1FEC56006A0BF8;
			remoteInfo = Keepshire;
		};
		04628D8C2E1FEC59006A0BF8 /* PBXContainerItemProxy */ = {
			isa = PBXContainerItemProxy;
			containerPortal = 04628D6C2E1FEC56006A0BF8 /* Project object */;
			proxyType = 1;
			remoteGlobalIDString = 04628D732E1FEC56006A0BF8;
			remoteInfo = Keepshire;
		};
		CCD30552F08F36968FD3BAD8 /* PBXContainerItemProxy */ = {
			isa = PBXContainerItemProxy;
			containerPortal = 04628D6C2E1FEC56006A0BF8 /* Project object */;
			proxyType = 1;
			remoteGlobalIDString = 7FBAC734C18F1DAA051A304D;
			remoteInfo = KeepshireShare;
		};
/* End PBXContainerItemProxy section */

/* Begin PBXCopyFilesBuildPhase section */
		68D1FC1956905BDD71FD10D8 /* Embed App Extensions */ = {
			isa = PBXCopyFilesBuildPhase;
			buildActionMask = 2147483647;
			dstPath = "";
			dstSubfolderSpec = 13;
			files = (
				0820B4E91BAD26DFF25C1B9D /* KeepshireShare.appex in Embed App Extensions */,
			);
			name = "Embed App Extensions";
			runOnlyForDeploymentPostprocessing = 0;
		};
/* End PBXCopyFilesBuildPhase section */

/* Begin PBXFileReference section */
		04628D742E1FEC56006A0BF8 /* Keepshire.app */ = {isa = PBXFileReference; explicitFileType = wrapper.application; includeInIndex = 0; path = Keepshire.app; sourceTree = BUILT_PRODUCTS_DIR; };
		04628D812E1FEC59006A0BF8 /* KeepshireTests.xctest */ = {isa = PBXFileReference; explicitFileType = wrapper.cfbundle; includeInIndex = 0; path = KeepshireTests.xctest; sourceTree = BUILT_PRODUCTS_DIR; };
		04628D8B2E1FEC59006A0BF8 /* KeepshireUITests.xctest */ = {isa = PBXFileReference; explicitFileType = wrapper.cfbundle; includeInIndex = 0; path = KeepshireUITests.xctest; sourceTree = BUILT_PRODUCTS_DIR; };
		23C5B4C0809F9D3F88DD39B8 /* Localizable.xcstrings */ = {isa = PBXFileReference; includeInIndex = 1; lastKnownFileType = text.json.xcstrings; path = Localizable.xcstrings; sourceTree = "<group>"; };
		47203CBB08B8566FFAD09CD0 /* Info.plist */ = {isa = PBXFileReference; includeInIndex = 1; lastKnownFileType = text.plist.xml; path = Info.plist; sourceTree = "<group>"; };
		4AEB6B4823EEFEE563146342 /* KeepshireShare.appex */ = {isa = PBXFileReference; explicitFileType = "wrapper.app-extension"; includeInIndex = 0; path = KeepshireShare.appex; sourceTree = BUILT_PRODUCTS_DIR; };
		CE30A3F6A4731E8C4AB1747A /* ShareViewController.swift */ = {isa = PBXFileReference; includeInIndex = 1; lastKnownFileType = sourcecode.swift; path = ShareViewController.swift; sourceTree = "<group>"; };
		DC2F50D78583DF69688AAFFB /* KeepshireShare.entitlements */ = {isa = PBXFileReference; includeInIndex = 1; lastKnownFileType = text.plist.entitlements; path = KeepshireShare.entitlements; sourceTree = "<group>"; };
		FA8EEC916E949C7E599A95AF /* Foundation.framework */ = {isa = PBXFileReference; lastKnownFileType = wrapper.framework; name = Foundation.framework; path = System/Library/Frameworks/Foundation.framework; sourceTree = SDKROOT; };
/* End PBXFileReference section */

/* Begin PBXFileSystemSynchronizedBuildFileExceptionSet section */
		A10000000000000000000001 /* Exceptions for "Keepshire" folder in "Keepshire" target */ = {
			isa = PBXFileSystemSynchronizedBuildFileExceptionSet;
			membershipExceptions = (
				Info.plist,
			);
			target = 04628D732E1FEC56006A0BF8 /* Keepshire */;
		};
/* End PBXFileSystemSynchronizedBuildFileExceptionSet section */

/* Begin PBXFileSystemSynchronizedRootGroup section */
		04628D762E1FEC56006A0BF8 /* Keepshire */ = {
			isa = PBXFileSystemSynchronizedRootGroup;
			exceptions = (
				A10000000000000000000001 /* Exceptions for "Keepshire" folder in "Keepshire" target */,
			);
			path = Keepshire;
			sourceTree = "<group>";
		};
		04628D842E1FEC59006A0BF8 /* KeepshireTests */ = {
			isa = PBXFileSystemSynchronizedRootGroup;
			path = KeepshireTests;
			sourceTree = "<group>";
		};
		04628D8E2E1FEC59006A0BF8 /* KeepshireUITests */ = {
			isa = PBXFileSystemSynchronizedRootGroup;
			path = KeepshireUITests;
			sourceTree = "<group>";
		};
/* End PBXFileSystemSynchronizedRootGroup section */

/* Begin PBXFrameworksBuildPhase section */
		04628D712E1FEC56006A0BF8 /* Frameworks */ = {
			isa = PBXFrameworksBuildPhase;
			buildActionMask = 2147483647;
			files = (
			);
			runOnlyForDeploymentPostprocessing = 0;
		};
		04628D7E2E1FEC59006A0BF8 /* Frameworks */ = {
			isa = PBXFrameworksBuildPhase;
			buildActionMask = 2147483647;
			files = (
			);
			runOnlyForDeploymentPostprocessing = 0;
		};
		04628D882E1FEC59006A0BF8 /* Frameworks */ = {
			isa = PBXFrameworksBuildPhase;
			buildActionMask = 2147483647;
			files = (
			);
			runOnlyForDeploymentPostprocessing = 0;
		};
		5E21D78592175C0A050C5364 /* Frameworks */ = {
			isa = PBXFrameworksBuildPhase;
			buildActionMask = 2147483647;
			files = (
				6F401FB2EA32A89E5C36A7A2 /* Foundation.framework in Frameworks */,
			);
			runOnlyForDeploymentPostprocessing = 0;
		};
/* End PBXFrameworksBuildPhase section */

/* Begin PBXGroup section */
		04628D6B2E1FEC56006A0BF8 = {
			isa = PBXGroup;
			children = (
				04628D762E1FEC56006A0BF8 /* Keepshire */,
				04628D842E1FEC59006A0BF8 /* KeepshireTests */,
				04628D8E2E1FEC59006A0BF8 /* KeepshireUITests */,
				04628D752E1FEC56006A0BF8 /* Products */,
				D851703776EF1FA22200D2AA /* Frameworks */,
				12776C8B41A4F099D8AFA84B /* KeepshireShare */,
			);
			sourceTree = "<group>";
		};
		04628D752E1FEC56006A0BF8 /* Products */ = {
			isa = PBXGroup;
			children = (
				04628D742E1FEC56006A0BF8 /* Keepshire.app */,
				04628D812E1FEC59006A0BF8 /* KeepshireTests.xctest */,
				04628D8B2E1FEC59006A0BF8 /* KeepshireUITests.xctest */,
				4AEB6B4823EEFEE563146342 /* KeepshireShare.appex */,
			);
			name = Products;
			sourceTree = "<group>";
		};
		12776C8B41A4F099D8AFA84B /* KeepshireShare */ = {
			isa = PBXGroup;
			children = (
				CE30A3F6A4731E8C4AB1747A /* ShareViewController.swift */,
				47203CBB08B8566FFAD09CD0 /* Info.plist */,
				DC2F50D78583DF69688AAFFB /* KeepshireShare.entitlements */,
				23C5B4C0809F9D3F88DD39B8 /* Localizable.xcstrings */,
			);
			path = KeepshireShare;
			sourceTree = "<group>";
		};
		5DF9EA80D5B7449F92C8F9ED /* iOS */ = {
			isa = PBXGroup;
			children = (
				FA8EEC916E949C7E599A95AF /* Foundation.framework */,
			);
			name = iOS;
			sourceTree = "<group>";
		};
		D851703776EF1FA22200D2AA /* Frameworks */ = {
			isa = PBXGroup;
			children = (
				5DF9EA80D5B7449F92C8F9ED /* iOS */,
			);
			name = Frameworks;
			sourceTree = "<group>";
		};
/* End PBXGroup section */

/* Begin PBXNativeTarget section */
		04628D732E1FEC56006A0BF8 /* Keepshire */ = {
			isa = PBXNativeTarget;
			buildConfigurationList = 04628D952E1FEC59006A0BF8 /* Build configuration list for PBXNativeTarget "Keepshire" */;
			buildPhases = (
				04628D702E1FEC56006A0BF8 /* Sources */,
				04628D712E1FEC56006A0BF8 /* Frameworks */,
				04628D722E1FEC56006A0BF8 /* Resources */,
				68D1FC1956905BDD71FD10D8 /* Embed App Extensions */,
			);
			buildRules = (
			);
			dependencies = (
				5046E6D5E8252415DFEA3732 /* PBXTargetDependency */,
			);
			fileSystemSynchronizedGroups = (
				04628D762E1FEC56006A0BF8 /* Keepshire */,
			);
			name = Keepshire;
			productName = Keepshire;
			productReference = 04628D742E1FEC56006A0BF8 /* Keepshire.app */;
			productType = "com.apple.product-type.application";
		};
		04628D802E1FEC59006A0BF8 /* KeepshireTests */ = {
			isa = PBXNativeTarget;
			buildConfigurationList = 04628D982E1FEC59006A0BF8 /* Build configuration list for PBXNativeTarget "KeepshireTests" */;
			buildPhases = (
				04628D7D2E1FEC59006A0BF8 /* Sources */,
				04628D7E2E1FEC59006A0BF8 /* Frameworks */,
				04628D7F2E1FEC59006A0BF8 /* Resources */,
			);
			buildRules = (
			);
			dependencies = (
				04628D832E1FEC59006A0BF8 /* PBXTargetDependency */,
			);
			fileSystemSynchronizedGroups = (
				04628D842E1FEC59006A0BF8 /* KeepshireTests */,
			);
			name = KeepshireTests;
			productName = KeepshireTests;
			productReference = 04628D812E1FEC59006A0BF8 /* KeepshireTests.xctest */;
			productType = "com.apple.product-type.bundle.unit-test";
		};
		04628D8A2E1FEC59006A0BF8 /* KeepshireUITests */ = {
			isa = PBXNativeTarget;
			buildConfigurationList = 04628D9B2E1FEC59006A0BF8 /* Build configuration list for PBXNativeTarget "KeepshireUITests" */;
			buildPhases = (
				04628D872E1FEC59006A0BF8 /* Sources */,
				04628D882E1FEC59006A0BF8 /* Frameworks */,
				04628D892E1FEC59006A0BF8 /* Resources */,
			);
			buildRules = (
			);
			dependencies = (
				04628D8D2E1FEC59006A0BF8 /* PBXTargetDependency */,
			);
			fileSystemSynchronizedGroups = (
				04628D8E2E1FEC59006A0BF8 /* KeepshireUITests */,
			);
			name = KeepshireUITests;
			productName = KeepshireUITests;
			productReference = 04628D8B2E1FEC59006A0BF8 /* KeepshireUITests.xctest */;
			productType = "com.apple.product-type.bundle.ui-testing";
		};
		7FBAC734C18F1DAA051A304D /* KeepshireShare */ = {
			isa = PBXNativeTarget;
			buildConfigurationList = 593545B5CC332A170F2517FB /* Build configuration list for PBXNativeTarget "KeepshireShare" */;
			buildPhases = (
				FDCE79EA6194EC544A69662F /* Sources */,
				5E21D78592175C0A050C5364 /* Frameworks */,
				BC5F385B66DD4827ABCFE83E /* Resources */,
			);
			buildRules = (
			);
			dependencies = (
			);
			name = KeepshireShare;
			productName = KeepshireShare;
			productReference = 4AEB6B4823EEFEE563146342 /* KeepshireShare.appex */;
			productType = "com.apple.product-type.app-extension";
		};
/* End PBXNativeTarget section */

/* Begin PBXProject section */
		04628D6C2E1FEC56006A0BF8 /* Project object */ = {
			isa = PBXProject;
			attributes = {
				BuildIndependentTargetsInParallel = 1;
				LastSwiftUpdateCheck = 1640;
				LastUpgradeCheck = 2700;
				TargetAttributes = {
					04628D732E1FEC56006A0BF8 = {
						CreatedOnToolsVersion = 16.4;
					};
					04628D802E1FEC59006A0BF8 = {
						CreatedOnToolsVersion = 16.4;
						TestTargetID = 04628D732E1FEC56006A0BF8;
					};
					04628D8A2E1FEC59006A0BF8 = {
						CreatedOnToolsVersion = 16.4;
						TestTargetID = 04628D732E1FEC56006A0BF8;
					};
				};
			};
			buildConfigurationList = 04628D6F2E1FEC56006A0BF8 /* Build configuration list for PBXProject "Keepshire" */;
			developmentRegion = en;
			hasScannedForEncodings = 0;
			knownRegions = (
				en,
				Base,
			);
			mainGroup = 04628D6B2E1FEC56006A0BF8;
			minimizedProjectReferenceProxies = 1;
			preferredProjectObjectVersion = 77;
			productRefGroup = 04628D752E1FEC56006A0BF8 /* Products */;
			projectDirPath = "";
			projectRoot = "";
			targets = (
				04628D732E1FEC56006A0BF8 /* Keepshire */,
				04628D802E1FEC59006A0BF8 /* KeepshireTests */,
				04628D8A2E1FEC59006A0BF8 /* KeepshireUITests */,
				7FBAC734C18F1DAA051A304D /* KeepshireShare */,
			);
		};
/* End PBXProject section */

/* Begin PBXResourcesBuildPhase section */
		04628D722E1FEC56006A0BF8 /* Resources */ = {
			isa = PBXResourcesBuildPhase;
			buildActionMask = 2147483647;
			files = (
			);
			runOnlyForDeploymentPostprocessing = 0;
		};
		04628D7F2E1FEC59006A0BF8 /* Resources */ = {
			isa = PBXResourcesBuildPhase;
			buildActionMask = 2147483647;
			files = (
			);
			runOnlyForDeploymentPostprocessing = 0;
		};
		04628D892E1FEC59006A0BF8 /* Resources */ = {
			isa = PBXResourcesBuildPhase;
			buildActionMask = 2147483647;
			files = (
			);
			runOnlyForDeploymentPostprocessing = 0;
		};
		BC5F385B66DD4827ABCFE83E /* Resources */ = {
			isa = PBXResourcesBuildPhase;
			buildActionMask = 2147483647;
			files = (
				CED03D45E0413967818354C0 /* Localizable.xcstrings in Resources */,
			);
			runOnlyForDeploymentPostprocessing = 0;
		};
/* End PBXResourcesBuildPhase section */

/* Begin PBXSourcesBuildPhase section */
		04628D702E1FEC56006A0BF8 /* Sources */ = {
			isa = PBXSourcesBuildPhase;
			buildActionMask = 2147483647;
			files = (
			);
			runOnlyForDeploymentPostprocessing = 0;
		};
		04628D7D2E1FEC59006A0BF8 /* Sources */ = {
			isa = PBXSourcesBuildPhase;
			buildActionMask = 2147483647;
			files = (
			);
			runOnlyForDeploymentPostprocessing = 0;
		};
		04628D872E1FEC59006A0BF8 /* Sources */ = {
			isa = PBXSourcesBuildPhase;
			buildActionMask = 2147483647;
			files = (
			);
			runOnlyForDeploymentPostprocessing = 0;
		};
		FDCE79EA6194EC544A69662F /* Sources */ = {
			isa = PBXSourcesBuildPhase;
			buildActionMask = 2147483647;
			files = (
				820D47712B57487C1655DBE6 /* ShareViewController.swift in Sources */,
			);
			runOnlyForDeploymentPostprocessing = 0;
		};
/* End PBXSourcesBuildPhase section */

/* Begin PBXTargetDependency section */
		04628D832E1FEC59006A0BF8 /* PBXTargetDependency */ = {
			isa = PBXTargetDependency;
			target = 04628D732E1FEC56006A0BF8 /* Keepshire */;
			targetProxy = 04628D822E1FEC59006A0BF8 /* PBXContainerItemProxy */;
		};
		04628D8D2E1FEC59006A0BF8 /* PBXTargetDependency */ = {
			isa = PBXTargetDependency;
			target = 04628D732E1FEC56006A0BF8 /* Keepshire */;
			targetProxy = 04628D8C2E1FEC59006A0BF8 /* PBXContainerItemProxy */;
		};
		5046E6D5E8252415DFEA3732 /* PBXTargetDependency */ = {
			isa = PBXTargetDependency;
			name = KeepshireShare;
			target = 7FBAC734C18F1DAA051A304D /* KeepshireShare */;
			targetProxy = CCD30552F08F36968FD3BAD8 /* PBXContainerItemProxy */;
		};
/* End PBXTargetDependency section */

/* Begin XCBuildConfiguration section */
		04628D932E1FEC59006A0BF8 /* Debug */ = {
			isa = XCBuildConfiguration;
			buildSettings = {
				ALWAYS_SEARCH_USER_PATHS = NO;
				ASSETCATALOG_COMPILER_GENERATE_SWIFT_ASSET_SYMBOL_EXTENSIONS = YES;
				CLANG_ANALYZER_NONNULL = YES;
				CLANG_ANALYZER_NUMBER_OBJECT_CONVERSION = YES_AGGRESSIVE;
				CLANG_CXX_LANGUAGE_STANDARD = "gnu++20";
				CLANG_ENABLE_MODULES = YES;
				CLANG_ENABLE_OBJC_ARC = YES;
				CLANG_ENABLE_OBJC_WEAK = YES;
				CLANG_WARN_BLOCK_CAPTURE_AUTORELEASING = YES;
				CLANG_WARN_BOOL_CONVERSION = YES;
				CLANG_WARN_COMMA = YES;
				CLANG_WARN_CONSTANT_CONVERSION = YES;
				CLANG_WARN_DEPRECATED_OBJC_IMPLEMENTATIONS = YES;
				CLANG_WARN_DIRECT_OBJC_ISA_USAGE = YES_ERROR;
				CLANG_WARN_DOCUMENTATION_COMMENTS = YES;
				CLANG_WARN_EMPTY_BODY = YES;
				CLANG_WARN_ENUM_CONVERSION = YES;
				CLANG_WARN_INFINITE_RECURSION = YES;
				CLANG_WARN_INT_CONVERSION = YES;
				CLANG_WARN_NON_LITERAL_NULL_CONVERSION = YES;
				CLANG_WARN_OBJC_IMPLICIT_RETAIN_SELF = YES;
				CLANG_WARN_OBJC_LITERAL_CONVERSION = YES;
				CLANG_WARN_OBJC_ROOT_CLASS = YES_ERROR;
				CLANG_WARN_QUOTED_INCLUDE_IN_FRAMEWORK_HEADER = YES;
				CLANG_WARN_RANGE_LOOP_ANALYSIS = YES;
				CLANG_WARN_STRICT_PROTOTYPES = YES;
				CLANG_WARN_SUSPICIOUS_MOVE = YES;
				CLANG_WARN_UNGUARDED_AVAILABILITY = YES_AGGRESSIVE;
				CLANG_WARN_UNREACHABLE_CODE = YES;
				CLANG_WARN__DUPLICATE_METHOD_MATCH = YES;
				COPY_PHASE_STRIP = NO;
				DEBUG_INFORMATION_FORMAT = dwarf;
				DEVELOPMENT_TEAM = AYL8H487NP;
				ENABLE_STRICT_OBJC_MSGSEND = YES;
				ENABLE_TESTABILITY = YES;
				ENABLE_USER_SCRIPT_SANDBOXING = YES;
				GCC_C_LANGUAGE_STANDARD = gnu17;
				GCC_DYNAMIC_NO_PIC = NO;
				GCC_NO_COMMON_BLOCKS = YES;
				GCC_OPTIMIZATION_LEVEL = 0;
				GCC_PREPROCESSOR_DEFINITIONS = (
					"DEBUG=1",
					"$(inherited)",
				);
				GCC_WARN_64_TO_32_BIT_CONVERSION = YES;
				GCC_WARN_ABOUT_RETURN_TYPE = YES_ERROR;
				GCC_WARN_UNDECLARED_SELECTOR = YES;
				GCC_WARN_UNINITIALIZED_AUTOS = YES_AGGRESSIVE;
				GCC_WARN_UNUSED_FUNCTION = YES;
				GCC_WARN_UNUSED_VARIABLE = YES;
				IPHONEOS_DEPLOYMENT_TARGET = 18.5;
				LOCALIZATION_PREFERS_STRING_CATALOGS = YES;
				MTL_ENABLE_DEBUG_INFO = INCLUDE_SOURCE;
				MTL_FAST_MATH = YES;
				ONLY_ACTIVE_ARCH = YES;
				SDKROOT = iphoneos;
				STRING_CATALOG_GENERATE_SYMBOLS = YES;
				SWIFT_ACTIVE_COMPILATION_CONDITIONS = "DEBUG $(inherited)";
				SWIFT_OPTIMIZATION_LEVEL = "-Onone";
			};
			name = Debug;
		};
		04628D942E1FEC59006A0BF8 /* Release */ = {
			isa = XCBuildConfiguration;
			buildSettings = {
				ALWAYS_SEARCH_USER_PATHS = NO;
				ASSETCATALOG_COMPILER_GENERATE_SWIFT_ASSET_SYMBOL_EXTENSIONS = YES;
				CLANG_ANALYZER_NONNULL = YES;
				CLANG_ANALYZER_NUMBER_OBJECT_CONVERSION = YES_AGGRESSIVE;
				CLANG_CXX_LANGUAGE_STANDARD = "gnu++20";
				CLANG_ENABLE_MODULES = YES;
				CLANG_ENABLE_OBJC_ARC = YES;
				CLANG_ENABLE_OBJC_WEAK = YES;
				CLANG_WARN_BLOCK_CAPTURE_AUTORELEASING = YES;
				CLANG_WARN_BOOL_CONVERSION = YES;
				CLANG_WARN_COMMA = YES;
				CLANG_WARN_CONSTANT_CONVERSION = YES;
				CLANG_WARN_DEPRECATED_OBJC_IMPLEMENTATIONS = YES;
				CLANG_WARN_DIRECT_OBJC_ISA_USAGE = YES_ERROR;
				CLANG_WARN_DOCUMENTATION_COMMENTS = YES;
				CLANG_WARN_EMPTY_BODY = YES;
				CLANG_WARN_ENUM_CONVERSION = YES;
				CLANG_WARN_INFINITE_RECURSION = YES;
				CLANG_WARN_INT_CONVERSION = YES;
				CLANG_WARN_NON_LITERAL_NULL_CONVERSION = YES;
				CLANG_WARN_OBJC_IMPLICIT_RETAIN_SELF = YES;
				CLANG_WARN_OBJC_LITERAL_CONVERSION = YES;
				CLANG_WARN_OBJC_ROOT_CLASS = YES_ERROR;
				CLANG_WARN_QUOTED_INCLUDE_IN_FRAMEWORK_HEADER = YES;
				CLANG_WARN_RANGE_LOOP_ANALYSIS = YES;
				CLANG_WARN_STRICT_PROTOTYPES = YES;
				CLANG_WARN_SUSPICIOUS_MOVE = YES;
				CLANG_WARN_UNGUARDED_AVAILABILITY = YES_AGGRESSIVE;
				CLANG_WARN_UNREACHABLE_CODE = YES;
				CLANG_WARN__DUPLICATE_METHOD_MATCH = YES;
				COPY_PHASE_STRIP = NO;
				DEBUG_INFORMATION_FORMAT = "dwarf-with-dsym";
				DEVELOPMENT_TEAM = AYL8H487NP;
				ENABLE_NS_ASSERTIONS = NO;
				ENABLE_STRICT_OBJC_MSGSEND = YES;
				ENABLE_USER_SCRIPT_SANDBOXING = YES;
				GCC_C_LANGUAGE_STANDARD = gnu17;
				GCC_NO_COMMON_BLOCKS = YES;
				GCC_WARN_64_TO_32_BIT_CONVERSION = YES;
				GCC_WARN_ABOUT_RETURN_TYPE = YES_ERROR;
				GCC_WARN_UNDECLARED_SELECTOR = YES;
				GCC_WARN_UNINITIALIZED_AUTOS = YES_AGGRESSIVE;
				GCC_WARN_UNUSED_FUNCTION = YES;
				GCC_WARN_UNUSED_VARIABLE = YES;
				IPHONEOS_DEPLOYMENT_TARGET = 18.5;
				LOCALIZATION_PREFERS_STRING_CATALOGS = YES;
				MTL_ENABLE_DEBUG_INFO = NO;
				MTL_FAST_MATH = YES;
				SDKROOT = iphoneos;
				STRING_CATALOG_GENERATE_SYMBOLS = YES;
				SWIFT_COMPILATION_MODE = wholemodule;
				VALIDATE_PRODUCT = YES;
			};
			name = Release;
		};
		04628D962E1FEC59006A0BF8 /* Debug */ = {
			isa = XCBuildConfiguration;
			buildSettings = {
				ASSETCATALOG_COMPILER_APPICON_NAME = AppIcon;
				ASSETCATALOG_COMPILER_GLOBAL_ACCENT_COLOR_NAME = AccentColor;
				CODE_SIGN_ENTITLEMENTS = Keepshire/Keepshire.entitlements;
				CODE_SIGN_IDENTITY = "Apple Development";
				CODE_SIGN_STYLE = Automatic;
				CURRENT_PROJECT_VERSION = 1;
				DEVELOPMENT_TEAM = AYL8H487NP;
				ENABLE_PREVIEWS = YES;
				GENERATE_INFOPLIST_FILE = NO;
				INFOPLIST_FILE = Keepshire/Info.plist;
				LD_RUNPATH_SEARCH_PATHS = (
					"$(inherited)",
					"@executable_path/Frameworks",
				);
				MARKETING_VERSION = 1.0;
				PRIVACY_POLICY_URL = "https://keepshire.haresh.dev/privacy";
				PRODUCT_BUNDLE_IDENTIFIER = com.haresh.keepshire;
				PRODUCT_NAME = "$(TARGET_NAME)";
				PROVISIONING_PROFILE_SPECIFIER = "";
				SUPPORT_URL = "https://keepshire.haresh.dev/support";
				SWIFT_EMIT_LOC_STRINGS = YES;
				SWIFT_VERSION = 5.0;
				TARGETED_DEVICE_FAMILY = "1,2";
			};
			name = Debug;
		};
		04628D972E1FEC59006A0BF8 /* Release */ = {
			isa = XCBuildConfiguration;
			buildSettings = {
				ASSETCATALOG_COMPILER_APPICON_NAME = AppIcon;
				ASSETCATALOG_COMPILER_GLOBAL_ACCENT_COLOR_NAME = AccentColor;
				CODE_SIGN_ENTITLEMENTS = Keepshire/Keepshire.entitlements;
				CODE_SIGN_IDENTITY = "Apple Development";
				CODE_SIGN_STYLE = Automatic;
				CURRENT_PROJECT_VERSION = 1;
				DEVELOPMENT_TEAM = AYL8H487NP;
				ENABLE_PREVIEWS = YES;
				GENERATE_INFOPLIST_FILE = NO;
				INFOPLIST_FILE = Keepshire/Info.plist;
				LD_RUNPATH_SEARCH_PATHS = (
					"$(inherited)",
					"@executable_path/Frameworks",
				);
				MARKETING_VERSION = 1.0;
				PRIVACY_POLICY_URL = "https://keepshire.haresh.dev/privacy";
				PRODUCT_BUNDLE_IDENTIFIER = com.haresh.keepshire;
				PRODUCT_NAME = "$(TARGET_NAME)";
				PROVISIONING_PROFILE_SPECIFIER = "";
				SUPPORT_URL = "https://keepshire.haresh.dev/support";
				SWIFT_EMIT_LOC_STRINGS = YES;
				SWIFT_VERSION = 5.0;
				TARGETED_DEVICE_FAMILY = "1,2";
			};
			name = Release;
		};
		04628D992E1FEC59006A0BF8 /* Debug */ = {
			isa = XCBuildConfiguration;
			buildSettings = {
				BUNDLE_LOADER = "$(TEST_HOST)";
				CODE_SIGN_STYLE = Automatic;
				CURRENT_PROJECT_VERSION = 1;
				DEVELOPMENT_TEAM = AYL8H487NP;
				GENERATE_INFOPLIST_FILE = YES;
				IPHONEOS_DEPLOYMENT_TARGET = 18.5;
				MARKETING_VERSION = 1.0;
				PRODUCT_BUNDLE_IDENTIFIER = com.haresh.keepshire.tests;
				PRODUCT_NAME = "$(TARGET_NAME)";
				SWIFT_EMIT_LOC_STRINGS = NO;
				SWIFT_VERSION = 5.0;
				TARGETED_DEVICE_FAMILY = "1,2";
				TEST_HOST = "$(BUILT_PRODUCTS_DIR)/Keepshire.app/$(BUNDLE_EXECUTABLE_FOLDER_PATH)/Keepshire";
			};
			name = Debug;
		};
		04628D9A2E1FEC59006A0BF8 /* Release */ = {
			isa = XCBuildConfiguration;
			buildSettings = {
				BUNDLE_LOADER = "$(TEST_HOST)";
				CODE_SIGN_STYLE = Automatic;
				CURRENT_PROJECT_VERSION = 1;
				DEVELOPMENT_TEAM = AYL8H487NP;
				GENERATE_INFOPLIST_FILE = YES;
				IPHONEOS_DEPLOYMENT_TARGET = 18.5;
				MARKETING_VERSION = 1.0;
				PRODUCT_BUNDLE_IDENTIFIER = com.haresh.keepshire.tests;
				PRODUCT_NAME = "$(TARGET_NAME)";
				SWIFT_EMIT_LOC_STRINGS = NO;
				SWIFT_VERSION = 5.0;
				TARGETED_DEVICE_FAMILY = "1,2";
				TEST_HOST = "$(BUILT_PRODUCTS_DIR)/Keepshire.app/$(BUNDLE_EXECUTABLE_FOLDER_PATH)/Keepshire";
			};
			name = Release;
		};
		04628D9C2E1FEC59006A0BF8 /* Debug */ = {
			isa = XCBuildConfiguration;
			buildSettings = {
				CODE_SIGN_STYLE = Automatic;
				CURRENT_PROJECT_VERSION = 1;
				DEVELOPMENT_TEAM = AYL8H487NP;
				GENERATE_INFOPLIST_FILE = YES;
				MARKETING_VERSION = 1.0;
				PRODUCT_BUNDLE_IDENTIFIER = com.haresh.keepshire.uitests;
				PRODUCT_NAME = "$(TARGET_NAME)";
				SWIFT_EMIT_LOC_STRINGS = NO;
				SWIFT_VERSION = 5.0;
				TARGETED_DEVICE_FAMILY = "1,2";
				TEST_TARGET_NAME = Keepshire;
			};
			name = Debug;
		};
		04628D9D2E1FEC59006A0BF8 /* Release */ = {
			isa = XCBuildConfiguration;
			buildSettings = {
				CODE_SIGN_STYLE = Automatic;
				CURRENT_PROJECT_VERSION = 1;
				DEVELOPMENT_TEAM = AYL8H487NP;
				GENERATE_INFOPLIST_FILE = YES;
				MARKETING_VERSION = 1.0;
				PRODUCT_BUNDLE_IDENTIFIER = com.haresh.keepshire.uitests;
				PRODUCT_NAME = "$(TARGET_NAME)";
				SWIFT_EMIT_LOC_STRINGS = NO;
				SWIFT_VERSION = 5.0;
				TARGETED_DEVICE_FAMILY = "1,2";
				TEST_TARGET_NAME = Keepshire;
			};
			name = Release;
		};
		A2A90F1548F14B908DF7E29F /* Release */ = {
			isa = XCBuildConfiguration;
			buildSettings = {
				CLANG_ENABLE_OBJC_WEAK = NO;
				CODE_SIGN_ENTITLEMENTS = KeepshireShare/KeepshireShare.entitlements;
				CODE_SIGN_STYLE = Automatic;
				CURRENT_PROJECT_VERSION = 1;
				DEVELOPMENT_TEAM = AYL8H487NP;
				GENERATE_INFOPLIST_FILE = NO;
				INFOPLIST_FILE = KeepshireShare/Info.plist;
				IPHONEOS_DEPLOYMENT_TARGET = 18.5;
				MARKETING_VERSION = 1.0;
				PRODUCT_BUNDLE_IDENTIFIER = com.haresh.keepshire.share;
				PRODUCT_NAME = "$(TARGET_NAME)";
				SDKROOT = iphoneos;
				SKIP_INSTALL = YES;
				SWIFT_EMIT_LOC_STRINGS = YES;
				SWIFT_VERSION = 5.0;
				TARGETED_DEVICE_FAMILY = "1,2";
				VALIDATE_PRODUCT = YES;
			};
			name = Release;
		};
		F0599A1C1BD1E97A8B5C6EEB /* Debug */ = {
			isa = XCBuildConfiguration;
			buildSettings = {
				CLANG_ENABLE_OBJC_WEAK = NO;
				CODE_SIGN_ENTITLEMENTS = KeepshireShare/KeepshireShare.entitlements;
				CODE_SIGN_STYLE = Automatic;
				CURRENT_PROJECT_VERSION = 1;
				DEVELOPMENT_TEAM = AYL8H487NP;
				GENERATE_INFOPLIST_FILE = NO;
				INFOPLIST_FILE = KeepshireShare/Info.plist;
				IPHONEOS_DEPLOYMENT_TARGET = 18.5;
				MARKETING_VERSION = 1.0;
				PRODUCT_BUNDLE_IDENTIFIER = com.haresh.keepshire.share;
				PRODUCT_NAME = "$(TARGET_NAME)";
				SDKROOT = iphoneos;
				SKIP_INSTALL = YES;
				SWIFT_EMIT_LOC_STRINGS = YES;
				SWIFT_VERSION = 5.0;
				TARGETED_DEVICE_FAMILY = "1,2";
			};
			name = Debug;
		};
/* End XCBuildConfiguration section */

/* Begin XCConfigurationList section */
		04628D6F2E1FEC56006A0BF8 /* Build configuration list for PBXProject "Keepshire" */ = {
			isa = XCConfigurationList;
			buildConfigurations = (
				04628D932E1FEC59006A0BF8 /* Debug */,
				04628D942E1FEC59006A0BF8 /* Release */,
			);
			defaultConfigurationIsVisible = 0;
			defaultConfigurationName = Release;
		};
		04628D952E1FEC59006A0BF8 /* Build configuration list for PBXNativeTarget "Keepshire" */ = {
			isa = XCConfigurationList;
			buildConfigurations = (
				04628D962E1FEC59006A0BF8 /* Debug */,
				04628D972E1FEC59006A0BF8 /* Release */,
			);
			defaultConfigurationIsVisible = 0;
			defaultConfigurationName = Release;
		};
		04628D982E1FEC59006A0BF8 /* Build configuration list for PBXNativeTarget "KeepshireTests" */ = {
			isa = XCConfigurationList;
			buildConfigurations = (
				04628D992E1FEC59006A0BF8 /* Debug */,
				04628D9A2E1FEC59006A0BF8 /* Release */,
			);
			defaultConfigurationIsVisible = 0;
			defaultConfigurationName = Release;
		};
		04628D9B2E1FEC59006A0BF8 /* Build configuration list for PBXNativeTarget "KeepshireUITests" */ = {
			isa = XCConfigurationList;
			buildConfigurations = (
				04628D9C2E1FEC59006A0BF8 /* Debug */,
				04628D9D2E1FEC59006A0BF8 /* Release */,
			);
			defaultConfigurationIsVisible = 0;
			defaultConfigurationName = Release;
		};
		593545B5CC332A170F2517FB /* Build configuration list for PBXNativeTarget "KeepshireShare" */ = {
			isa = XCConfigurationList;
			buildConfigurations = (
				A2A90F1548F14B908DF7E29F /* Release */,
				F0599A1C1BD1E97A8B5C6EEB /* Debug */,
			);
			defaultConfigurationIsVisible = 0;
			defaultConfigurationName = Release;
		};
/* End XCConfigurationList section */
	};
	rootObject = 04628D6C2E1FEC56006A0BF8 /* Project object */;
}
